
Microsoft Visual Studio Solution File, Format Version 12.00
# Visual Studio Version 17
VisualStudioVersion = 17.10.34928.147
MinimumVisualStudioVersion = 10.0.40219.1
Project("{FAE04EC0-301F-11D3-BF4B-00C04F79EFBC}") = "Common-Elements", "Common-Elements.csproj", "{5A237426-1AFD-4694-94DF-1A00858C7745}"
EndProject
Project("{FAE04EC0-301F-11D3-BF4B-00C04F79EFBC}") = "TestProject1", "..\TestProject1\TestProject1.csproj", "{71E6B03A-DCB6-4A62-A393-492F2193AAFD}"
EndProject
Global
	GlobalSection(SolutionConfigurationPlatforms) = preSolution
		Debug|Any CPU = Debug|Any CPU
		Release|Any CPU = Release|Any CPU
	EndGlobalSection
	GlobalSection(ProjectConfigurationPlatforms) = postSolution
		{5A237426-1AFD-4694-94DF-1A00858C7745}.Debug|Any CPU.ActiveCfg = Debug|Any CPU
		{5A237426-1AFD-4694-94DF-1A00858C7745}.Debug|Any CPU.Build.0 = Debug|Any CPU
		{5A237426-1AFD-4694-94DF-1A00858C7745}.Release|Any CPU.ActiveCfg = Release|Any CPU
		{5A237426-1AFD-4694-94DF-1A00858C7745}.Release|Any CPU.Build.0 = Release|Any CPU
		{71E6B03A-DCB6-4A62-A393-492F2193AAFD}.Debug|Any CPU.ActiveCfg = Debug|Any CPU
		{71E6B03A-DCB6-4A62-A393-492F2193AAFD}.Debug|Any CPU.Build.0 = Debug|Any CPU
		{71E6B03A-DCB6-4A62-A393-492F2193AAFD}.Release|Any CPU.ActiveCfg = Release|Any CPU
		{71E6B03A-DCB6-4A62-A393-492F2193AAFD}.Release|Any CPU.Build.0 = Release|Any CPU
	EndGlobalSection
	GlobalSection(SolutionProperties) = preSolution
		HideSolutionNode = FALSE
	EndGlobalSection
	GlobalSection(ExtensibilityGlobals) = postSolution
		SolutionGuid = {50AA8F63-1F37-4B11-B075-60CF3AA0C00F}
	EndGlobalSection
EndGlobal
