
Microsoft Visual Studio Solution File, Format Version 12.00
# Visual Studio Version 17
VisualStudioVersion = 17.10.34928.147
MinimumVisualStudioVersion = 10.0.40219.1
Project("{FAE04EC0-301F-11D3-BF4B-00C04F79EFBC}") = "LinkedList", "LinkedList.csproj", "{C3211B4D-9841-4D7A-A75B-6FC0A9FEFB65}"
EndProject
Project("{FAE04EC0-301F-11D3-BF4B-00C04F79EFBC}") = "LinkedListTests", "..\LinkedListTests\LinkedListTests.csproj", "{8A74B809-6625-40EF-B19F-36127D4F6E0C}"
EndProject
Global
	GlobalSection(SolutionConfigurationPlatforms) = preSolution
		Debug|Any CPU = Debug|Any CPU
		Release|Any CPU = Release|Any CPU
	EndGlobalSection
	GlobalSection(ProjectConfigurationPlatforms) = postSolution
		{C3211B4D-9841-4D7A-A75B-6FC0A9FEFB65}.Debug|Any CPU.ActiveCfg = Debug|Any CPU
		{C3211B4D-9841-4D7A-A75B-6FC0A9FEFB65}.Debug|Any CPU.Build.0 = Debug|Any CPU
		{C3211B4D-9841-4D7A-A75B-6FC0A9FEFB65}.Release|Any CPU.ActiveCfg = Release|Any CPU
		{C3211B4D-9841-4D7A-A75B-6FC0A9FEFB65}.Release|Any CPU.Build.0 = Release|Any CPU
		{8A74B809-6625-40EF-B19F-36127D4F6E0C}.Debug|Any CPU.ActiveCfg = Debug|Any CPU
		{8A74B809-6625-40EF-B19F-36127D4F6E0C}.Debug|Any CPU.Build.0 = Debug|Any CPU
		{8A74B809-6625-40EF-B19F-36127D4F6E0C}.Release|Any CPU.ActiveCfg = Release|Any CPU
		{8A74B809-6625-40EF-B19F-36127D4F6E0C}.Release|Any CPU.Build.0 = Release|Any CPU
	EndGlobalSection
	GlobalSection(SolutionProperties) = preSolution
		HideSolutionNode = FALSE
	EndGlobalSection
	GlobalSection(ExtensibilityGlobals) = postSolution
		SolutionGuid = {92BF2419-D1F6-4FF4-9B3F-DD88BD3813B0}
	EndGlobalSection
EndGlobal
