
Microsoft Visual Studio Solution File, Format Version 12.00
# Visual Studio Version 17
VisualStudioVersion = 17.10.34928.147
MinimumVisualStudioVersion = 10.0.40219.1
Project("{FAE04EC0-301F-11D3-BF4B-00C04F79EFBC}") = "TreeImplementation", "TreeImplementation.csproj", "{DF06FDD5-AFF1-40D6-A08B-B94F2F8698D6}"
EndProject
Project("{FAE04EC0-301F-11D3-BF4B-00C04F79EFBC}") = "TreeImplementationtest", "..\TreeImplementationtest\TreeImplementationtest.csproj", "{41011AD4-0A4F-4CC9-8D66-FC25C1E43AF8}"
EndProject
Global
	GlobalSection(SolutionConfigurationPlatforms) = preSolution
		Debug|Any CPU = Debug|Any CPU
		Release|Any CPU = Release|Any CPU
	EndGlobalSection
	GlobalSection(ProjectConfigurationPlatforms) = postSolution
		{DF06FDD5-AFF1-40D6-A08B-B94F2F8698D6}.Debug|Any CPU.ActiveCfg = Debug|Any CPU
		{DF06FDD5-AFF1-40D6-A08B-B94F2F8698D6}.Debug|Any CPU.Build.0 = Debug|Any CPU
		{DF06FDD5-AFF1-40D6-A08B-B94F2F8698D6}.Release|Any CPU.ActiveCfg = Release|Any CPU
		{DF06FDD5-AFF1-40D6-A08B-B94F2F8698D6}.Release|Any CPU.Build.0 = Release|Any CPU
		{41011AD4-0A4F-4CC9-8D66-FC25C1E43AF8}.Debug|Any CPU.ActiveCfg = Debug|Any CPU
		{41011AD4-0A4F-4CC9-8D66-FC25C1E43AF8}.Debug|Any CPU.Build.0 = Debug|Any CPU
		{41011AD4-0A4F-4CC9-8D66-FC25C1E43AF8}.Release|Any CPU.ActiveCfg = Release|Any CPU
		{41011AD4-0A4F-4CC9-8D66-FC25C1E43AF8}.Release|Any CPU.Build.0 = Release|Any CPU
	EndGlobalSection
	GlobalSection(SolutionProperties) = preSolution
		HideSolutionNode = FALSE
	EndGlobalSection
	GlobalSection(ExtensibilityGlobals) = postSolution
		SolutionGuid = {A04D8D9A-DBFC-4732-BE53-AC6C292D2D51}
	EndGlobalSection
EndGlobal
